
Microsoft Visual Studio Solution File, Format Version 12.00
# Visual Studio 14
VisualStudioVersion = 14.0.25420.1
MinimumVisualStudioVersion = 10.0.40219.1
Project("{FAE04EC0-301F-11D3-BF4B-00C04F79EFBC}") = "My3Web", "My3\My3Web.csproj", "{6D4599A3-0B4A-413E-B066-8A2DE722C702}"
	ProjectSection(ProjectDependencies) = postProject
		{1D984600-538B-4800-846A-D15591C06FC6} = {1D984600-538B-4800-846A-D15591C06FC6}
		{D3F41C5F-8A8F-4B52-B2B6-D6117DC77AF0} = {D3F41C5F-8A8F-4B52-B2B6-D6117DC77AF0}
		{6E2B9DB1-43A2-4396-AA4F-36F5E6FACC19} = {6E2B9DB1-43A2-4396-AA4F-36F5E6FACC19}
		{2381FDD8-B471-4142-9875-5ED18BB7BDD9} = {2381FDD8-B471-4142-9875-5ED18BB7BDD9}
	EndProjectSection
EndProject
Project("{FAE04EC0-301F-11D3-BF4B-00C04F79EFBC}") = "My3DependencyInjection", "My3DependencyInjection\My3DependencyInjection.csproj", "{2381FDD8-B471-4142-9875-5ED18BB7BDD9}"
	ProjectSection(ProjectDependencies) = postProject
		{1D984600-538B-4800-846A-D15591C06FC6} = {1D984600-538B-4800-846A-D15591C06FC6}
		{C27DFCF6-2EF7-480D-BEB6-01BC88BE113C} = {C27DFCF6-2EF7-480D-BEB6-01BC88BE113C}
	EndProjectSection
EndProject
Project("{FAE04EC0-301F-11D3-BF4B-00C04F79EFBC}") = "My3Business", "My3Business\My3Business.csproj", "{1D984600-538B-4800-846A-D15591C06FC6}"
	ProjectSection(ProjectDependencies) = postProject
		{D3F41C5F-8A8F-4B52-B2B6-D6117DC77AF0} = {D3F41C5F-8A8F-4B52-B2B6-D6117DC77AF0}
		{6E2B9DB1-43A2-4396-AA4F-36F5E6FACC19} = {6E2B9DB1-43A2-4396-AA4F-36F5E6FACC19}
		{C27DFCF6-2EF7-480D-BEB6-01BC88BE113C} = {C27DFCF6-2EF7-480D-BEB6-01BC88BE113C}
	EndProjectSection
EndProject
Project("{FAE04EC0-301F-11D3-BF4B-00C04F79EFBC}") = "My3Common", "My3Common\My3Common.csproj", "{6E2B9DB1-43A2-4396-AA4F-36F5E6FACC19}"
EndProject
Project("{FAE04EC0-301F-11D3-BF4B-00C04F79EFBC}") = "My3DataAccess", "My3DataAccess\My3DataAccess.csproj", "{C27DFCF6-2EF7-480D-BEB6-01BC88BE113C}"
	ProjectSection(ProjectDependencies) = postProject
		{6E2B9DB1-43A2-4396-AA4F-36F5E6FACC19} = {6E2B9DB1-43A2-4396-AA4F-36F5E6FACC19}
	EndProjectSection
EndProject
Project("{FAE04EC0-301F-11D3-BF4B-00C04F79EFBC}") = "WeatherWCFService", "WeatherWCFService\WeatherWCFService.csproj", "{D3F41C5F-8A8F-4B52-B2B6-D6117DC77AF0}"
EndProject
Project("{FAE04EC0-301F-11D3-BF4B-00C04F79EFBC}") = "My3.Test", "My3.Test\My3.Test.csproj", "{8CEFEAFC-3C9B-430E-BF23-9E4BDF318E14}"
EndProject
Global
	GlobalSection(SolutionConfigurationPlatforms) = preSolution
		Debug|Any CPU = Debug|Any CPU
		Release|Any CPU = Release|Any CPU
	EndGlobalSection
	GlobalSection(ProjectConfigurationPlatforms) = postSolution
		{6D4599A3-0B4A-413E-B066-8A2DE722C702}.Debug|Any CPU.ActiveCfg = Debug|Any CPU
		{6D4599A3-0B4A-413E-B066-8A2DE722C702}.Debug|Any CPU.Build.0 = Debug|Any CPU
		{6D4599A3-0B4A-413E-B066-8A2DE722C702}.Release|Any CPU.ActiveCfg = Release|Any CPU
		{6D4599A3-0B4A-413E-B066-8A2DE722C702}.Release|Any CPU.Build.0 = Release|Any CPU
		{2381FDD8-B471-4142-9875-5ED18BB7BDD9}.Debug|Any CPU.ActiveCfg = Debug|Any CPU
		{2381FDD8-B471-4142-9875-5ED18BB7BDD9}.Debug|Any CPU.Build.0 = Debug|Any CPU
		{2381FDD8-B471-4142-9875-5ED18BB7BDD9}.Release|Any CPU.ActiveCfg = Release|Any CPU
		{2381FDD8-B471-4142-9875-5ED18BB7BDD9}.Release|Any CPU.Build.0 = Release|Any CPU
		{1D984600-538B-4800-846A-D15591C06FC6}.Debug|Any CPU.ActiveCfg = Debug|Any CPU
		{1D984600-538B-4800-846A-D15591C06FC6}.Debug|Any CPU.Build.0 = Debug|Any CPU
		{1D984600-538B-4800-846A-D15591C06FC6}.Release|Any CPU.ActiveCfg = Release|Any CPU
		{1D984600-538B-4800-846A-D15591C06FC6}.Release|Any CPU.Build.0 = Release|Any CPU
		{6E2B9DB1-43A2-4396-AA4F-36F5E6FACC19}.Debug|Any CPU.ActiveCfg = Debug|Any CPU
		{6E2B9DB1-43A2-4396-AA4F-36F5E6FACC19}.Debug|Any CPU.Build.0 = Debug|Any CPU
		{6E2B9DB1-43A2-4396-AA4F-36F5E6FACC19}.Release|Any CPU.ActiveCfg = Release|Any CPU
		{6E2B9DB1-43A2-4396-AA4F-36F5E6FACC19}.Release|Any CPU.Build.0 = Release|Any CPU
		{C27DFCF6-2EF7-480D-BEB6-01BC88BE113C}.Debug|Any CPU.ActiveCfg = Debug|Any CPU
		{C27DFCF6-2EF7-480D-BEB6-01BC88BE113C}.Debug|Any CPU.Build.0 = Debug|Any CPU
		{C27DFCF6-2EF7-480D-BEB6-01BC88BE113C}.Release|Any CPU.ActiveCfg = Release|Any CPU
		{C27DFCF6-2EF7-480D-BEB6-01BC88BE113C}.Release|Any CPU.Build.0 = Release|Any CPU
		{D3F41C5F-8A8F-4B52-B2B6-D6117DC77AF0}.Debug|Any CPU.ActiveCfg = Debug|Any CPU
		{D3F41C5F-8A8F-4B52-B2B6-D6117DC77AF0}.Debug|Any CPU.Build.0 = Debug|Any CPU
		{D3F41C5F-8A8F-4B52-B2B6-D6117DC77AF0}.Release|Any CPU.ActiveCfg = Release|Any CPU
		{D3F41C5F-8A8F-4B52-B2B6-D6117DC77AF0}.Release|Any CPU.Build.0 = Release|Any CPU
		{8CEFEAFC-3C9B-430E-BF23-9E4BDF318E14}.Debug|Any CPU.ActiveCfg = Debug|Any CPU
		{8CEFEAFC-3C9B-430E-BF23-9E4BDF318E14}.Debug|Any CPU.Build.0 = Debug|Any CPU
		{8CEFEAFC-3C9B-430E-BF23-9E4BDF318E14}.Release|Any CPU.ActiveCfg = Release|Any CPU
		{8CEFEAFC-3C9B-430E-BF23-9E4BDF318E14}.Release|Any CPU.Build.0 = Release|Any CPU
	EndGlobalSection
	GlobalSection(SolutionProperties) = preSolution
		HideSolutionNode = FALSE
	EndGlobalSection
EndGlobal
